# This file was autogenerated by Stack.
# You should not edit this file by hand.
# For more information, please see the documentation at:
#   https://docs.haskellstack.org/en/stable/lock_files

packages:
- completed:
    hackage: crypto-pubkey-openssh-0.2.7@sha256:18c75602b80a5c601780a4ea8536ce8f82ce8867760177351ba88de579bf703c,2518
    pantry-tree:
      size: 787
      sha256: f6148af497be6b83cb2393b7f23feae43d4d8c7c426796dc300b151a4bec9833
  original:
    hackage: crypto-pubkey-openssh-0.2.7
- completed:
    hackage: megaparsec-7.0.3@sha256:757492da776c87351d928b0da2fdd99d230c8c6de92468e4b631970f84db3b54,6222
    pantry-tree:
      size: 2647
      sha256: 931861a3b0eb591387122356ce344e3f439d03025fe73c3ae3b78d37a7c236b5
  original:
    hackage: megaparsec-7.0.3
snapshots:
- completed:
    size: 586103
    url: https://raw.githubusercontent.com/commercialhaskell/stackage-snapshots/master/lts/18/19.yaml
    sha256: 32716534fff554b7f90762130fdb985cabf29f157758934dd1c8f3892a646430
  original: lts-18.19
